# This file is automatically @generated by Cargo.
# It is not intended for manual editing.
version = 4

[[package]]
name = "pulsar-core"
version = "0.1.0"

[[package]]
name = "pulsar-sh"
version = "0.1.0"
dependencies = [
 "pulsar-core",
]

[[package]]
name = "pulsar-sh-bin"
version = "0.1.0"
dependencies = [
 "pulsar-core",
 "pulsar-sh",
]

[[package]]
name = "pulsar-tui"
version = "0.1.0"
dependencies = [
 "pulsar-core",
]

[[package]]
name = "pulsar-tui-bin"
version = "0.1.0"
dependencies = [
 "pulsar-core",
 "pulsar-tui",
]

[[package]]
name = "pulsar-wasm"
version = "0.1.0"
dependencies = [
 "pulsar-core",
]
