# This file is automatically @generated by Cargo.
# It is not intended for manual editing.
version = 4

[[package]]
name = "pulsar-core"
version = "0.1.0"

[[package]]
name = "pulsar-host"
version = "0.1.0"
dependencies = [
 "pulsar-core",
]

[[package]]
name = "pulsar-shell"
version = "0.1.0"
dependencies = [
 "pulsar-core",
]

[[package]]
name = "pulsar-syntax"
version = "0.1.0"
dependencies = [
 "pulsar-core",
]

[[package]]
name = "pulsar-wasm"
version = "0.1.0"
dependencies = [
 "pulsar-core",
]
